
Microsoft Visual Studio Solution File, Format Version 12.00
# Visual Studio 15
VisualStudioVersion = 15.0.28010.2003
MinimumVisualStudioVersion = 10.0.40219.1
Project("{FAE04EC0-301F-11D3-BF4B-00C04F79EFBC}") = "PopupDemo.Android", "PopupDemo\PopupDemo.Android\PopupDemo.Android.csproj", "{68E1AD3A-7100-415A-BB97-7E87AA2BE161}"
EndProject
Project("{FAE04EC0-301F-11D3-BF4B-00C04F79EFBC}") = "PopupDemo.iOS", "PopupDemo\PopupDemo.iOS\PopupDemo.iOS.csproj", "{D6758056-0A1C-4980-87DA-5A50A4D35CA1}"
EndProject
Project("{FAE04EC0-301F-11D3-BF4B-00C04F79EFBC}") = "PopupDemo", "PopupDemo\PopupDemo\PopupDemo.csproj", "{7FB22A7F-AE5E-453F-9310-250C795507A7}"
EndProject
Global
	GlobalSection(SolutionConfigurationPlatforms) = preSolution
		Ad-Hoc|Any CPU = Ad-Hoc|Any CPU
		Ad-Hoc|iPhone = Ad-Hoc|iPhone
		Ad-Hoc|iPhoneSimulator = Ad-Hoc|iPhoneSimulator
		AppStore|Any CPU = AppStore|Any CPU
		AppStore|iPhone = AppStore|iPhone
		AppStore|iPhoneSimulator = AppStore|iPhoneSimulator
		Debug|Any CPU = Debug|Any CPU
		Debug|iPhone = Debug|iPhone
		Debug|iPhoneSimulator = Debug|iPhoneSimulator
		Release|Any CPU = Release|Any CPU
		Release|iPhone = Release|iPhone
		Release|iPhoneSimulator = Release|iPhoneSimulator
	EndGlobalSection
	GlobalSection(ProjectConfigurationPlatforms) = postSolution
		{68E1AD3A-7100-415A-BB97-7E87AA2BE161}.Ad-Hoc|Any CPU.ActiveCfg = Release|Any CPU
		{68E1AD3A-7100-415A-BB97-7E87AA2BE161}.Ad-Hoc|Any CPU.Build.0 = Release|Any CPU
		{68E1AD3A-7100-415A-BB97-7E87AA2BE161}.Ad-Hoc|Any CPU.Deploy.0 = Release|Any CPU
		{68E1AD3A-7100-415A-BB97-7E87AA2BE161}.Ad-Hoc|iPhone.ActiveCfg = Release|Any CPU
		{68E1AD3A-7100-415A-BB97-7E87AA2BE161}.Ad-Hoc|iPhone.Build.0 = Release|Any CPU
		{68E1AD3A-7100-415A-BB97-7E87AA2BE161}.Ad-Hoc|iPhone.Deploy.0 = Release|Any CPU
		{68E1AD3A-7100-415A-BB97-7E87AA2BE161}.Ad-Hoc|iPhoneSimulator.ActiveCfg = Release|Any CPU
		{68E1AD3A-7100-415A-BB97-7E87AA2BE161}.Ad-Hoc|iPhoneSimulator.Build.0 = Release|Any CPU
		{68E1AD3A-7100-415A-BB97-7E87AA2BE161}.Ad-Hoc|iPhoneSimulator.Deploy.0 = Release|Any CPU
		{68E1AD3A-7100-415A-BB97-7E87AA2BE161}.AppStore|Any CPU.ActiveCfg = Release|Any CPU
		{68E1AD3A-7100-415A-BB97-7E87AA2BE161}.AppStore|Any CPU.Build.0 = Release|Any CPU
		{68E1AD3A-7100-415A-BB97-7E87AA2BE161}.AppStore|Any CPU.Deploy.0 = Release|Any CPU
		{68E1AD3A-7100-415A-BB97-7E87AA2BE161}.AppStore|iPhone.ActiveCfg = Release|Any CPU
		{68E1AD3A-7100-415A-BB97-7E87AA2BE161}.AppStore|iPhone.Build.0 = Release|Any CPU
		{68E1AD3A-7100-415A-BB97-7E87AA2BE161}.AppStore|iPhone.Deploy.0 = Release|Any CPU
		{68E1AD3A-7100-415A-BB97-7E87AA2BE161}.AppStore|iPhoneSimulator.ActiveCfg = Release|Any CPU
		{68E1AD3A-7100-415A-BB97-7E87AA2BE161}.AppStore|iPhoneSimulator.Build.0 = Release|Any CPU
		{68E1AD3A-7100-415A-BB97-7E87AA2BE161}.AppStore|iPhoneSimulator.Deploy.0 = Release|Any CPU
		{68E1AD3A-7100-415A-BB97-7E87AA2BE161}.Debug|Any CPU.ActiveCfg = Debug|Any CPU
		{68E1AD3A-7100-415A-BB97-7E87AA2BE161}.Debug|Any CPU.Build.0 = Debug|Any CPU
		{68E1AD3A-7100-415A-BB97-7E87AA2BE161}.Debug|Any CPU.Deploy.0 = Debug|Any CPU
		{68E1AD3A-7100-415A-BB97-7E87AA2BE161}.Debug|iPhone.ActiveCfg = Debug|Any CPU
		{68E1AD3A-7100-415A-BB97-7E87AA2BE161}.Debug|iPhone.Build.0 = Debug|Any CPU
		{68E1AD3A-7100-415A-BB97-7E87AA2BE161}.Debug|iPhone.Deploy.0 = Debug|Any CPU
		{68E1AD3A-7100-415A-BB97-7E87AA2BE161}.Debug|iPhoneSimulator.ActiveCfg = Debug|Any CPU
		{68E1AD3A-7100-415A-BB97-7E87AA2BE161}.Debug|iPhoneSimulator.Build.0 = Debug|Any CPU
		{68E1AD3A-7100-415A-BB97-7E87AA2BE161}.Debug|iPhoneSimulator.Deploy.0 = Debug|Any CPU
		{68E1AD3A-7100-415A-BB97-7E87AA2BE161}.Release|Any CPU.ActiveCfg = Release|Any CPU
		{68E1AD3A-7100-415A-BB97-7E87AA2BE161}.Release|Any CPU.Build.0 = Release|Any CPU
		{68E1AD3A-7100-415A-BB97-7E87AA2BE161}.Release|Any CPU.Deploy.0 = Release|Any CPU
		{68E1AD3A-7100-415A-BB97-7E87AA2BE161}.Release|iPhone.ActiveCfg = Release|Any CPU
		{68E1AD3A-7100-415A-BB97-7E87AA2BE161}.Release|iPhone.Build.0 = Release|Any CPU
		{68E1AD3A-7100-415A-BB97-7E87AA2BE161}.Release|iPhone.Deploy.0 = Release|Any CPU
		{68E1AD3A-7100-415A-BB97-7E87AA2BE161}.Release|iPhoneSimulator.ActiveCfg = Release|Any CPU
		{68E1AD3A-7100-415A-BB97-7E87AA2BE161}.Release|iPhoneSimulator.Build.0 = Release|Any CPU
		{68E1AD3A-7100-415A-BB97-7E87AA2BE161}.Release|iPhoneSimulator.Deploy.0 = Release|Any CPU
		{D6758056-0A1C-4980-87DA-5A50A4D35CA1}.Ad-Hoc|Any CPU.ActiveCfg = Ad-Hoc|iPhone
		{D6758056-0A1C-4980-87DA-5A50A4D35CA1}.Ad-Hoc|Any CPU.Build.0 = Ad-Hoc|iPhone
		{D6758056-0A1C-4980-87DA-5A50A4D35CA1}.Ad-Hoc|Any CPU.Deploy.0 = Ad-Hoc|iPhone
		{D6758056-0A1C-4980-87DA-5A50A4D35CA1}.Ad-Hoc|iPhone.ActiveCfg = Ad-Hoc|iPhone
		{D6758056-0A1C-4980-87DA-5A50A4D35CA1}.Ad-Hoc|iPhone.Build.0 = Ad-Hoc|iPhone
		{D6758056-0A1C-4980-87DA-5A50A4D35CA1}.Ad-Hoc|iPhone.Deploy.0 = Ad-Hoc|iPhone
		{D6758056-0A1C-4980-87DA-5A50A4D35CA1}.Ad-Hoc|iPhoneSimulator.ActiveCfg = Ad-Hoc|iPhoneSimulator
		{D6758056-0A1C-4980-87DA-5A50A4D35CA1}.Ad-Hoc|iPhoneSimulator.Build.0 = Ad-Hoc|iPhoneSimulator
		{D6758056-0A1C-4980-87DA-5A50A4D35CA1}.Ad-Hoc|iPhoneSimulator.Deploy.0 = Ad-Hoc|iPhoneSimulator
		{D6758056-0A1C-4980-87DA-5A50A4D35CA1}.AppStore|Any CPU.ActiveCfg = AppStore|iPhone
		{D6758056-0A1C-4980-87DA-5A50A4D35CA1}.AppStore|Any CPU.Build.0 = AppStore|iPhone
		{D6758056-0A1C-4980-87DA-5A50A4D35CA1}.AppStore|Any CPU.Deploy.0 = AppStore|iPhone
		{D6758056-0A1C-4980-87DA-5A50A4D35CA1}.AppStore|iPhone.ActiveCfg = AppStore|iPhone
		{D6758056-0A1C-4980-87DA-5A50A4D35CA1}.AppStore|iPhone.Build.0 = AppStore|iPhone
		{D6758056-0A1C-4980-87DA-5A50A4D35CA1}.AppStore|iPhone.Deploy.0 = AppStore|iPhone
		{D6758056-0A1C-4980-87DA-5A50A4D35CA1}.AppStore|iPhoneSimulator.ActiveCfg = AppStore|iPhoneSimulator
		{D6758056-0A1C-4980-87DA-5A50A4D35CA1}.AppStore|iPhoneSimulator.Build.0 = AppStore|iPhoneSimulator
		{D6758056-0A1C-4980-87DA-5A50A4D35CA1}.AppStore|iPhoneSimulator.Deploy.0 = AppStore|iPhoneSimulator
		{D6758056-0A1C-4980-87DA-5A50A4D35CA1}.Debug|Any CPU.ActiveCfg = Debug|iPhoneSimulator
		{D6758056-0A1C-4980-87DA-5A50A4D35CA1}.Debug|Any CPU.Build.0 = Debug|iPhoneSimulator
		{D6758056-0A1C-4980-87DA-5A50A4D35CA1}.Debug|Any CPU.Deploy.0 = Debug|iPhoneSimulator
		{D6758056-0A1C-4980-87DA-5A50A4D35CA1}.Debug|iPhone.ActiveCfg = Debug|iPhone
		{D6758056-0A1C-4980-87DA-5A50A4D35CA1}.Debug|iPhone.Build.0 = Debug|iPhone
		{D6758056-0A1C-4980-87DA-5A50A4D35CA1}.Debug|iPhone.Deploy.0 = Debug|iPhone
		{D6758056-0A1C-4980-87DA-5A50A4D35CA1}.Debug|iPhoneSimulator.ActiveCfg = Debug|iPhoneSimulator
		{D6758056-0A1C-4980-87DA-5A50A4D35CA1}.Debug|iPhoneSimulator.Build.0 = Debug|iPhoneSimulator
		{D6758056-0A1C-4980-87DA-5A50A4D35CA1}.Debug|iPhoneSimulator.Deploy.0 = Debug|iPhoneSimulator
		{D6758056-0A1C-4980-87DA-5A50A4D35CA1}.Release|Any CPU.ActiveCfg = Release|iPhone
		{D6758056-0A1C-4980-87DA-5A50A4D35CA1}.Release|Any CPU.Build.0 = Release|iPhone
		{D6758056-0A1C-4980-87DA-5A50A4D35CA1}.Release|Any CPU.Deploy.0 = Release|iPhone
		{D6758056-0A1C-4980-87DA-5A50A4D35CA1}.Release|iPhone.ActiveCfg = Release|iPhone
		{D6758056-0A1C-4980-87DA-5A50A4D35CA1}.Release|iPhone.Build.0 = Release|iPhone
		{D6758056-0A1C-4980-87DA-5A50A4D35CA1}.Release|iPhone.Deploy.0 = Release|iPhone
		{D6758056-0A1C-4980-87DA-5A50A4D35CA1}.Release|iPhoneSimulator.ActiveCfg = Release|iPhoneSimulator
		{D6758056-0A1C-4980-87DA-5A50A4D35CA1}.Release|iPhoneSimulator.Build.0 = Release|iPhoneSimulator
		{D6758056-0A1C-4980-87DA-5A50A4D35CA1}.Release|iPhoneSimulator.Deploy.0 = Release|iPhoneSimulator
		{7FB22A7F-AE5E-453F-9310-250C795507A7}.Ad-Hoc|Any CPU.ActiveCfg = Debug|Any CPU
		{7FB22A7F-AE5E-453F-9310-250C795507A7}.Ad-Hoc|Any CPU.Build.0 = Debug|Any CPU
		{7FB22A7F-AE5E-453F-9310-250C795507A7}.Ad-Hoc|Any CPU.Deploy.0 = Debug|Any CPU
		{7FB22A7F-AE5E-453F-9310-250C795507A7}.Ad-Hoc|iPhone.ActiveCfg = Debug|Any CPU
		{7FB22A7F-AE5E-453F-9310-250C795507A7}.Ad-Hoc|iPhone.Build.0 = Debug|Any CPU
		{7FB22A7F-AE5E-453F-9310-250C795507A7}.Ad-Hoc|iPhone.Deploy.0 = Debug|Any CPU
		{7FB22A7F-AE5E-453F-9310-250C795507A7}.Ad-Hoc|iPhoneSimulator.ActiveCfg = Debug|Any CPU
		{7FB22A7F-AE5E-453F-9310-250C795507A7}.Ad-Hoc|iPhoneSimulator.Build.0 = Debug|Any CPU
		{7FB22A7F-AE5E-453F-9310-250C795507A7}.Ad-Hoc|iPhoneSimulator.Deploy.0 = Debug|Any CPU
		{7FB22A7F-AE5E-453F-9310-250C795507A7}.AppStore|Any CPU.ActiveCfg = Debug|Any CPU
		{7FB22A7F-AE5E-453F-9310-250C795507A7}.AppStore|Any CPU.Build.0 = Debug|Any CPU
		{7FB22A7F-AE5E-453F-9310-250C795507A7}.AppStore|Any CPU.Deploy.0 = Debug|Any CPU
		{7FB22A7F-AE5E-453F-9310-250C795507A7}.AppStore|iPhone.ActiveCfg = Debug|Any CPU
		{7FB22A7F-AE5E-453F-9310-250C795507A7}.AppStore|iPhone.Build.0 = Debug|Any CPU
		{7FB22A7F-AE5E-453F-9310-250C795507A7}.AppStore|iPhone.Deploy.0 = Debug|Any CPU
		{7FB22A7F-AE5E-453F-9310-250C795507A7}.AppStore|iPhoneSimulator.ActiveCfg = Debug|Any CPU
		{7FB22A7F-AE5E-453F-9310-250C795507A7}.AppStore|iPhoneSimulator.Build.0 = Debug|Any CPU
		{7FB22A7F-AE5E-453F-9310-250C795507A7}.AppStore|iPhoneSimulator.Deploy.0 = Debug|Any CPU
		{7FB22A7F-AE5E-453F-9310-250C795507A7}.Debug|Any CPU.ActiveCfg = Debug|Any CPU
		{7FB22A7F-AE5E-453F-9310-250C795507A7}.Debug|Any CPU.Build.0 = Debug|Any CPU
		{7FB22A7F-AE5E-453F-9310-250C795507A7}.Debug|Any CPU.Deploy.0 = Debug|Any CPU
		{7FB22A7F-AE5E-453F-9310-250C795507A7}.Debug|iPhone.ActiveCfg = Debug|Any CPU
		{7FB22A7F-AE5E-453F-9310-250C795507A7}.Debug|iPhone.Build.0 = Debug|Any CPU
		{7FB22A7F-AE5E-453F-9310-250C795507A7}.Debug|iPhone.Deploy.0 = Debug|Any CPU
		{7FB22A7F-AE5E-453F-9310-250C795507A7}.Debug|iPhoneSimulator.ActiveCfg = Debug|Any CPU
		{7FB22A7F-AE5E-453F-9310-250C795507A7}.Debug|iPhoneSimulator.Build.0 = Debug|Any CPU
		{7FB22A7F-AE5E-453F-9310-250C795507A7}.Debug|iPhoneSimulator.Deploy.0 = Debug|Any CPU
		{7FB22A7F-AE5E-453F-9310-250C795507A7}.Release|Any CPU.ActiveCfg = Release|Any CPU
		{7FB22A7F-AE5E-453F-9310-250C795507A7}.Release|Any CPU.Build.0 = Release|Any CPU
		{7FB22A7F-AE5E-453F-9310-250C795507A7}.Release|Any CPU.Deploy.0 = Release|Any CPU
		{7FB22A7F-AE5E-453F-9310-250C795507A7}.Release|iPhone.ActiveCfg = Release|Any CPU
		{7FB22A7F-AE5E-453F-9310-250C795507A7}.Release|iPhone.Build.0 = Release|Any CPU
		{7FB22A7F-AE5E-453F-9310-250C795507A7}.Release|iPhone.Deploy.0 = Release|Any CPU
		{7FB22A7F-AE5E-453F-9310-250C795507A7}.Release|iPhoneSimulator.ActiveCfg = Release|Any CPU
		{7FB22A7F-AE5E-453F-9310-250C795507A7}.Release|iPhoneSimulator.Build.0 = Release|Any CPU
		{7FB22A7F-AE5E-453F-9310-250C795507A7}.Release|iPhoneSimulator.Deploy.0 = Release|Any CPU
	EndGlobalSection
	GlobalSection(SolutionProperties) = preSolution
		HideSolutionNode = FALSE
	EndGlobalSection
	GlobalSection(ExtensibilityGlobals) = postSolution
		SolutionGuid = {AAE8C800-6033-4758-9BA4-781B1A74A568}
	EndGlobalSection
EndGlobal
